
Microsoft Visual Studio Solution File, Format Version 12.00
# Visual Studio 15
VisualStudioVersion = 15.0.34031.82
MinimumVisualStudioVersion = 10.0.40219.1
Project("{8BC9CEB8-8B4A-11D0-8D11-00A0C91BC942}") = "p08", "p08\p08.vcxproj", "{0C562CBC-B45E-4AD2-B00A-9694B9F6385A}"
EndProject
Global
	GlobalSection(SolutionConfigurationPlatforms) = preSolution
		Debug|x64 = Debug|x64
		Debug|x86 = Debug|x86
		Release|x64 = Release|x64
		Release|x86 = Release|x86
	EndGlobalSection
	GlobalSection(ProjectConfigurationPlatforms) = postSolution
		{0C562CBC-B45E-4AD2-B00A-9694B9F6385A}.Debug|x64.ActiveCfg = Debug|x64
		{0C562CBC-B45E-4AD2-B00A-9694B9F6385A}.Debug|x64.Build.0 = Debug|x64
		{0C562CBC-B45E-4AD2-B00A-9694B9F6385A}.Debug|x86.ActiveCfg = Debug|Win32
		{0C562CBC-B45E-4AD2-B00A-9694B9F6385A}.Debug|x86.Build.0 = Debug|Win32
		{0C562CBC-B45E-4AD2-B00A-9694B9F6385A}.Release|x64.ActiveCfg = Release|x64
		{0C562CBC-B45E-4AD2-B00A-9694B9F6385A}.Release|x64.Build.0 = Release|x64
		{0C562CBC-B45E-4AD2-B00A-9694B9F6385A}.Release|x86.ActiveCfg = Release|Win32
		{0C562CBC-B45E-4AD2-B00A-9694B9F6385A}.Release|x86.Build.0 = Release|Win32
	EndGlobalSection
	GlobalSection(SolutionProperties) = preSolution
		HideSolutionNode = FALSE
	EndGlobalSection
	GlobalSection(ExtensibilityGlobals) = postSolution
		SolutionGuid = {70CD0997-C849-497B-8E0D-743B360E73A5}
	EndGlobalSection
EndGlobal
