
Microsoft Visual Studio Solution File, Format Version 12.00
# Visual Studio 15
VisualStudioVersion = 15.0.34031.82
MinimumVisualStudioVersion = 10.0.40219.1
Project("{8BC9CEB8-8B4A-11D0-8D11-00A0C91BC942}") = "p37", "p37\p37.vcxproj", "{C48F8A90-A067-480B-AB5E-9CE3FE97105F}"
EndProject
Global
	GlobalSection(SolutionConfigurationPlatforms) = preSolution
		Debug|x64 = Debug|x64
		Debug|x86 = Debug|x86
		Release|x64 = Release|x64
		Release|x86 = Release|x86
	EndGlobalSection
	GlobalSection(ProjectConfigurationPlatforms) = postSolution
		{C48F8A90-A067-480B-AB5E-9CE3FE97105F}.Debug|x64.ActiveCfg = Debug|x64
		{C48F8A90-A067-480B-AB5E-9CE3FE97105F}.Debug|x64.Build.0 = Debug|x64
		{C48F8A90-A067-480B-AB5E-9CE3FE97105F}.Debug|x86.ActiveCfg = Debug|Win32
		{C48F8A90-A067-480B-AB5E-9CE3FE97105F}.Debug|x86.Build.0 = Debug|Win32
		{C48F8A90-A067-480B-AB5E-9CE3FE97105F}.Release|x64.ActiveCfg = Release|x64
		{C48F8A90-A067-480B-AB5E-9CE3FE97105F}.Release|x64.Build.0 = Release|x64
		{C48F8A90-A067-480B-AB5E-9CE3FE97105F}.Release|x86.ActiveCfg = Release|Win32
		{C48F8A90-A067-480B-AB5E-9CE3FE97105F}.Release|x86.Build.0 = Release|Win32
	EndGlobalSection
	GlobalSection(SolutionProperties) = preSolution
		HideSolutionNode = FALSE
	EndGlobalSection
	GlobalSection(ExtensibilityGlobals) = postSolution
		SolutionGuid = {981801C2-F789-48DF-95D7-20211E87F590}
	EndGlobalSection
EndGlobal
