
Microsoft Visual Studio Solution File, Format Version 12.00
# Visual Studio 15
VisualStudioVersion = 15.0.34031.82
MinimumVisualStudioVersion = 10.0.40219.1
Project("{8BC9CEB8-8B4A-11D0-8D11-00A0C91BC942}") = "p28", "p28\p28.vcxproj", "{7ED01AA1-EB38-4872-B7E0-C9BA2D2471B6}"
EndProject
Global
	GlobalSection(SolutionConfigurationPlatforms) = preSolution
		Debug|x64 = Debug|x64
		Debug|x86 = Debug|x86
		Release|x64 = Release|x64
		Release|x86 = Release|x86
	EndGlobalSection
	GlobalSection(ProjectConfigurationPlatforms) = postSolution
		{7ED01AA1-EB38-4872-B7E0-C9BA2D2471B6}.Debug|x64.ActiveCfg = Debug|x64
		{7ED01AA1-EB38-4872-B7E0-C9BA2D2471B6}.Debug|x64.Build.0 = Debug|x64
		{7ED01AA1-EB38-4872-B7E0-C9BA2D2471B6}.Debug|x86.ActiveCfg = Debug|Win32
		{7ED01AA1-EB38-4872-B7E0-C9BA2D2471B6}.Debug|x86.Build.0 = Debug|Win32
		{7ED01AA1-EB38-4872-B7E0-C9BA2D2471B6}.Release|x64.ActiveCfg = Release|x64
		{7ED01AA1-EB38-4872-B7E0-C9BA2D2471B6}.Release|x64.Build.0 = Release|x64
		{7ED01AA1-EB38-4872-B7E0-C9BA2D2471B6}.Release|x86.ActiveCfg = Release|Win32
		{7ED01AA1-EB38-4872-B7E0-C9BA2D2471B6}.Release|x86.Build.0 = Release|Win32
	EndGlobalSection
	GlobalSection(SolutionProperties) = preSolution
		HideSolutionNode = FALSE
	EndGlobalSection
	GlobalSection(ExtensibilityGlobals) = postSolution
		SolutionGuid = {E32529B0-8619-4666-ABF6-C99CF9EF2748}
	EndGlobalSection
EndGlobal
